
Microsoft Visual Studio Solution File, Format Version 12.00
# Visual Studio Version 16
VisualStudioVersion = 16.0.29519.181
MinimumVisualStudioVersion = 10.0.40219.1
Project("{FAE04EC0-301F-11D3-BF4B-00C04F79EFBC}") = "BackgroundProcessWpf", "BackgroundProcessWpf\BackgroundProcessWpf.csproj", "{A3BFC5A9-9AB5-4E69-8554-5F18ED356BA8}"
EndProject
Global
	GlobalSection(SolutionConfigurationPlatforms) = preSolution
		Debug|Any CPU = Debug|Any CPU
		Release|Any CPU = Release|Any CPU
	EndGlobalSection
	GlobalSection(ProjectConfigurationPlatforms) = postSolution
		{A3BFC5A9-9AB5-4E69-8554-5F18ED356BA8}.Debug|Any CPU.ActiveCfg = Debug|Any CPU
		{A3BFC5A9-9AB5-4E69-8554-5F18ED356BA8}.Debug|Any CPU.Build.0 = Debug|Any CPU
		{A3BFC5A9-9AB5-4E69-8554-5F18ED356BA8}.Release|Any CPU.ActiveCfg = Release|Any CPU
		{A3BFC5A9-9AB5-4E69-8554-5F18ED356BA8}.Release|Any CPU.Build.0 = Release|Any CPU
	EndGlobalSection
	GlobalSection(SolutionProperties) = preSolution
		HideSolutionNode = FALSE
	EndGlobalSection
	GlobalSection(ExtensibilityGlobals) = postSolution
		SolutionGuid = {4910F98E-DD03-4FB7-9F72-352F0B55AC84}
	EndGlobalSection
EndGlobal
